PODS:
  - BlocksKit (2.2.5):
    - BlocksKit/All (= 2.2.5)
  - BlocksKit/All (2.2.5):
    - BlocksKit/Core
    - BlocksKit/DynamicDelegate
    - BlocksKit/MessageUI
    - BlocksKit/UIKit
  - BlocksKit/Core (2.2.5)
  - BlocksKit/DynamicDelegate (2.2.5)
  - BlocksKit/MessageUI (2.2.5):
    - BlocksKit/Core
    - BlocksKit/DynamicDelegate
  - BlocksKit/UIKit (2.2.5):
    - BlocksKit/Core
    - BlocksKit/DynamicDelegate
  - DFBehaviors (0.2.3)
  - Kiwi (2.3.1)
  - UIActionSheet+Blocks (0.9)

DEPENDENCIES:
  - BlocksKit
  - DFBehaviors (from `../`)
  - Kiwi
  - UIActionSheet+Blocks

EXTERNAL SOURCES:
  DFBehaviors:
    :path: ../

SPEC CHECKSUMS:
  BlocksKit: 7f422b971407001178d181a43b99014ea2591fe6
  DFBehaviors: 3042e010bd5a6439e59c37207e8d19c24cdd0479
  Kiwi: f038a6c61f7a9e4d7766bff5717aa3b3fdb75f55
  UIActionSheet+Blocks: e180b7dad0a721ab7f212ac9742af799008bb358

COCOAPODS: 0.37.2
